
Microsoft Visual Studio Solution File, Format Version 12.00
# Visual Studio 15
VisualStudioVersion = 15.0.26430.14
MinimumVisualStudioVersion = 10.0.40219.1
Project("{FAE04EC0-301F-11D3-BF4B-00C04F79EFBC}") = "Object and Classes", "Object and Classes\Object and Classes.csproj", "{A976B2FA-3998-49AB-B97C-CFE0F385CA44}"
EndProject
Project("{FAE04EC0-301F-11D3-BF4B-00C04F79EFBC}") = "01. Day of Week", "01. Day of Week\01. Day of Week.csproj", "{EC87C751-CC53-4C18-A771-3AA24A47F7AA}"
EndProject
Project("{FAE04EC0-301F-11D3-BF4B-00C04F79EFBC}") = "02. Randomize Words", "02. Randomize Words\02. Randomize Words.csproj", "{2C25826B-170B-4AC1-86B4-AA656A347E9F}"
EndProject
Project("{FAE04EC0-301F-11D3-BF4B-00C04F79EFBC}") = "03. Big Factorial", "03. Big Factorial\03. Big Factorial.csproj", "{930DB859-A95F-46AF-84C3-FABABEB3DB19}"
EndProject
Project("{FAE04EC0-301F-11D3-BF4B-00C04F79EFBC}") = "04. Distance between Points", "04. Distance between Points\04. Distance between Points.csproj", "{6CA69176-03F0-4B9A-B035-26B74B0730AD}"
EndProject
Project("{FAE04EC0-301F-11D3-BF4B-00C04F79EFBC}") = "05. Closest Two Points", "05. Closest Two Points\05. Closest Two Points.csproj", "{231BBFFE-AC7A-479F-B8D4-21570DE2DC99}"
EndProject
Project("{FAE04EC0-301F-11D3-BF4B-00C04F79EFBC}") = "06. Rectangle Position", "06. Rectangle Position\06. Rectangle Position.csproj", "{F3E44383-688E-4647-B1B2-30A05670F481}"
EndProject
Project("{FAE04EC0-301F-11D3-BF4B-00C04F79EFBC}") = "07. Sales Report", "07. Sales Report\07. Sales Report.csproj", "{3BDEE423-982E-49E5-BABA-CB88CBA71919}"
EndProject
Project("{2150E333-8FDC-42A3-9474-1A3956D46DE8}") = "Lab", "Lab", "{67FA3E45-72FE-4994-8942-0EDA9F9F68E1}"
EndProject
Project("{2150E333-8FDC-42A3-9474-1A3956D46DE8}") = "Excercice", "Excercice", "{193FEFFB-762C-4EE9-A4A0-194AD26D5EAA}"
EndProject
Project("{FAE04EC0-301F-11D3-BF4B-00C04F79EFBC}") = "01. Count Working Days", "01. Count Working Days\01. Count Working Days.csproj", "{16BC6736-271A-4648-9D7F-C192A9CEE6AD}"
EndProject
Project("{FAE04EC0-301F-11D3-BF4B-00C04F79EFBC}") = "02. Advertisement Message", "02. Advertisement Message\02. Advertisement Message.csproj", "{7E455D14-A2BE-4778-A4B7-F4237B5F0817}"
EndProject
Project("{FAE04EC0-301F-11D3-BF4B-00C04F79EFBC}") = "03. Circles Intersection", "03. Circles Intersection\03. Circles Intersection.csproj", "{EDC8C781-A720-420F-9F37-084F10F110D3}"
EndProject
Project("{FAE04EC0-301F-11D3-BF4B-00C04F79EFBC}") = "04. Average Gradess", "04. Average Gradess\04. Average Gradess.csproj", "{F06D19A7-C503-42EB-AE06-7910F11D5426}"
EndProject
Project("{FAE04EC0-301F-11D3-BF4B-00C04F79EFBC}") = "05. Book Library", "05. Book Library\05. Book Library.csproj", "{8B7D3917-4BBD-40B3-986A-E0C910CED9E9}"
EndProject
Project("{FAE04EC0-301F-11D3-BF4B-00C04F79EFBC}") = "06. Book Library Modification", "06. Book Library Modification\06. Book Library Modification.csproj", "{10ACA6C1-C604-4E55-A43F-656284F20D58}"
EndProject
Project("{FAE04EC0-301F-11D3-BF4B-00C04F79EFBC}") = "07. Andrey and Billiard", "07. Andrey and Billiard\07. Andrey and Billiard.csproj", "{5AB64CC1-41EC-491E-A404-B2D8F719ADEA}"
EndProject
Project("{FAE04EC0-301F-11D3-BF4B-00C04F79EFBC}") = "08. Mentor Group", "08. Mentor Group\08. Mentor Group.csproj", "{4136B6DB-B066-4263-A1C1-2C7C70E42AE0}"
EndProject
Global
	GlobalSection(SolutionConfigurationPlatforms) = preSolution
		Debug|Any CPU = Debug|Any CPU
		Release|Any CPU = Release|Any CPU
	EndGlobalSection
	GlobalSection(ProjectConfigurationPlatforms) = postSolution
		{A976B2FA-3998-49AB-B97C-CFE0F385CA44}.Debug|Any CPU.ActiveCfg = Debug|Any CPU
		{A976B2FA-3998-49AB-B97C-CFE0F385CA44}.Debug|Any CPU.Build.0 = Debug|Any CPU
		{A976B2FA-3998-49AB-B97C-CFE0F385CA44}.Release|Any CPU.ActiveCfg = Release|Any CPU
		{A976B2FA-3998-49AB-B97C-CFE0F385CA44}.Release|Any CPU.Build.0 = Release|Any CPU
		{EC87C751-CC53-4C18-A771-3AA24A47F7AA}.Debug|Any CPU.ActiveCfg = Debug|Any CPU
		{EC87C751-CC53-4C18-A771-3AA24A47F7AA}.Debug|Any CPU.Build.0 = Debug|Any CPU
		{EC87C751-CC53-4C18-A771-3AA24A47F7AA}.Release|Any CPU.ActiveCfg = Release|Any CPU
		{EC87C751-CC53-4C18-A771-3AA24A47F7AA}.Release|Any CPU.Build.0 = Release|Any CPU
		{2C25826B-170B-4AC1-86B4-AA656A347E9F}.Debug|Any CPU.ActiveCfg = Debug|Any CPU
		{2C25826B-170B-4AC1-86B4-AA656A347E9F}.Debug|Any CPU.Build.0 = Debug|Any CPU
		{2C25826B-170B-4AC1-86B4-AA656A347E9F}.Release|Any CPU.ActiveCfg = Release|Any CPU
		{2C25826B-170B-4AC1-86B4-AA656A347E9F}.Release|Any CPU.Build.0 = Release|Any CPU
		{930DB859-A95F-46AF-84C3-FABABEB3DB19}.Debug|Any CPU.ActiveCfg = Debug|Any CPU
		{930DB859-A95F-46AF-84C3-FABABEB3DB19}.Debug|Any CPU.Build.0 = Debug|Any CPU
		{930DB859-A95F-46AF-84C3-FABABEB3DB19}.Release|Any CPU.ActiveCfg = Release|Any CPU
		{930DB859-A95F-46AF-84C3-FABABEB3DB19}.Release|Any CPU.Build.0 = Release|Any CPU
		{6CA69176-03F0-4B9A-B035-26B74B0730AD}.Debug|Any CPU.ActiveCfg = Debug|Any CPU
		{6CA69176-03F0-4B9A-B035-26B74B0730AD}.Debug|Any CPU.Build.0 = Debug|Any CPU
		{6CA69176-03F0-4B9A-B035-26B74B0730AD}.Release|Any CPU.ActiveCfg = Release|Any CPU
		{6CA69176-03F0-4B9A-B035-26B74B0730AD}.Release|Any CPU.Build.0 = Release|Any CPU
		{231BBFFE-AC7A-479F-B8D4-21570DE2DC99}.Debug|Any CPU.ActiveCfg = Debug|Any CPU
		{231BBFFE-AC7A-479F-B8D4-21570DE2DC99}.Debug|Any CPU.Build.0 = Debug|Any CPU
		{231BBFFE-AC7A-479F-B8D4-21570DE2DC99}.Release|Any CPU.ActiveCfg = Release|Any CPU
		{231BBFFE-AC7A-479F-B8D4-21570DE2DC99}.Release|Any CPU.Build.0 = Release|Any CPU
		{F3E44383-688E-4647-B1B2-30A05670F481}.Debug|Any CPU.ActiveCfg = Debug|Any CPU
		{F3E44383-688E-4647-B1B2-30A05670F481}.Debug|Any CPU.Build.0 = Debug|Any CPU
		{F3E44383-688E-4647-B1B2-30A05670F481}.Release|Any CPU.ActiveCfg = Release|Any CPU
		{F3E44383-688E-4647-B1B2-30A05670F481}.Release|Any CPU.Build.0 = Release|Any CPU
		{3BDEE423-982E-49E5-BABA-CB88CBA71919}.Debug|Any CPU.ActiveCfg = Debug|Any CPU
		{3BDEE423-982E-49E5-BABA-CB88CBA71919}.Debug|Any CPU.Build.0 = Debug|Any CPU
		{3BDEE423-982E-49E5-BABA-CB88CBA71919}.Release|Any CPU.ActiveCfg = Release|Any CPU
		{3BDEE423-982E-49E5-BABA-CB88CBA71919}.Release|Any CPU.Build.0 = Release|Any CPU
		{16BC6736-271A-4648-9D7F-C192A9CEE6AD}.Debug|Any CPU.ActiveCfg = Debug|Any CPU
		{16BC6736-271A-4648-9D7F-C192A9CEE6AD}.Debug|Any CPU.Build.0 = Debug|Any CPU
		{16BC6736-271A-4648-9D7F-C192A9CEE6AD}.Release|Any CPU.ActiveCfg = Release|Any CPU
		{16BC6736-271A-4648-9D7F-C192A9CEE6AD}.Release|Any CPU.Build.0 = Release|Any CPU
		{7E455D14-A2BE-4778-A4B7-F4237B5F0817}.Debug|Any CPU.ActiveCfg = Debug|Any CPU
		{7E455D14-A2BE-4778-A4B7-F4237B5F0817}.Debug|Any CPU.Build.0 = Debug|Any CPU
		{7E455D14-A2BE-4778-A4B7-F4237B5F0817}.Release|Any CPU.ActiveCfg = Release|Any CPU
		{7E455D14-A2BE-4778-A4B7-F4237B5F0817}.Release|Any CPU.Build.0 = Release|Any CPU
		{EDC8C781-A720-420F-9F37-084F10F110D3}.Debug|Any CPU.ActiveCfg = Debug|Any CPU
		{EDC8C781-A720-420F-9F37-084F10F110D3}.Debug|Any CPU.Build.0 = Debug|Any CPU
		{EDC8C781-A720-420F-9F37-084F10F110D3}.Release|Any CPU.ActiveCfg = Release|Any CPU
		{EDC8C781-A720-420F-9F37-084F10F110D3}.Release|Any CPU.Build.0 = Release|Any CPU
		{F06D19A7-C503-42EB-AE06-7910F11D5426}.Debug|Any CPU.ActiveCfg = Debug|Any CPU
		{F06D19A7-C503-42EB-AE06-7910F11D5426}.Debug|Any CPU.Build.0 = Debug|Any CPU
		{F06D19A7-C503-42EB-AE06-7910F11D5426}.Release|Any CPU.ActiveCfg = Release|Any CPU
		{F06D19A7-C503-42EB-AE06-7910F11D5426}.Release|Any CPU.Build.0 = Release|Any CPU
		{8B7D3917-4BBD-40B3-986A-E0C910CED9E9}.Debug|Any CPU.ActiveCfg = Debug|Any CPU
		{8B7D3917-4BBD-40B3-986A-E0C910CED9E9}.Debug|Any CPU.Build.0 = Debug|Any CPU
		{8B7D3917-4BBD-40B3-986A-E0C910CED9E9}.Release|Any CPU.ActiveCfg = Release|Any CPU
		{8B7D3917-4BBD-40B3-986A-E0C910CED9E9}.Release|Any CPU.Build.0 = Release|Any CPU
		{10ACA6C1-C604-4E55-A43F-656284F20D58}.Debug|Any CPU.ActiveCfg = Debug|Any CPU
		{10ACA6C1-C604-4E55-A43F-656284F20D58}.Debug|Any CPU.Build.0 = Debug|Any CPU
		{10ACA6C1-C604-4E55-A43F-656284F20D58}.Release|Any CPU.ActiveCfg = Release|Any CPU
		{10ACA6C1-C604-4E55-A43F-656284F20D58}.Release|Any CPU.Build.0 = Release|Any CPU
		{5AB64CC1-41EC-491E-A404-B2D8F719ADEA}.Debug|Any CPU.ActiveCfg = Debug|Any CPU
		{5AB64CC1-41EC-491E-A404-B2D8F719ADEA}.Debug|Any CPU.Build.0 = Debug|Any CPU
		{5AB64CC1-41EC-491E-A404-B2D8F719ADEA}.Release|Any CPU.ActiveCfg = Release|Any CPU
		{5AB64CC1-41EC-491E-A404-B2D8F719ADEA}.Release|Any CPU.Build.0 = Release|Any CPU
		{4136B6DB-B066-4263-A1C1-2C7C70E42AE0}.Debug|Any CPU.ActiveCfg = Debug|Any CPU
		{4136B6DB-B066-4263-A1C1-2C7C70E42AE0}.Debug|Any CPU.Build.0 = Debug|Any CPU
		{4136B6DB-B066-4263-A1C1-2C7C70E42AE0}.Release|Any CPU.ActiveCfg = Release|Any CPU
		{4136B6DB-B066-4263-A1C1-2C7C70E42AE0}.Release|Any CPU.Build.0 = Release|Any CPU
	EndGlobalSection
	GlobalSection(SolutionProperties) = preSolution
		HideSolutionNode = FALSE
	EndGlobalSection
	GlobalSection(NestedProjects) = preSolution
		{EC87C751-CC53-4C18-A771-3AA24A47F7AA} = {67FA3E45-72FE-4994-8942-0EDA9F9F68E1}
		{2C25826B-170B-4AC1-86B4-AA656A347E9F} = {67FA3E45-72FE-4994-8942-0EDA9F9F68E1}
		{930DB859-A95F-46AF-84C3-FABABEB3DB19} = {67FA3E45-72FE-4994-8942-0EDA9F9F68E1}
		{6CA69176-03F0-4B9A-B035-26B74B0730AD} = {67FA3E45-72FE-4994-8942-0EDA9F9F68E1}
		{231BBFFE-AC7A-479F-B8D4-21570DE2DC99} = {67FA3E45-72FE-4994-8942-0EDA9F9F68E1}
		{F3E44383-688E-4647-B1B2-30A05670F481} = {67FA3E45-72FE-4994-8942-0EDA9F9F68E1}
		{3BDEE423-982E-49E5-BABA-CB88CBA71919} = {67FA3E45-72FE-4994-8942-0EDA9F9F68E1}
		{16BC6736-271A-4648-9D7F-C192A9CEE6AD} = {193FEFFB-762C-4EE9-A4A0-194AD26D5EAA}
		{7E455D14-A2BE-4778-A4B7-F4237B5F0817} = {193FEFFB-762C-4EE9-A4A0-194AD26D5EAA}
		{EDC8C781-A720-420F-9F37-084F10F110D3} = {193FEFFB-762C-4EE9-A4A0-194AD26D5EAA}
		{F06D19A7-C503-42EB-AE06-7910F11D5426} = {193FEFFB-762C-4EE9-A4A0-194AD26D5EAA}
		{8B7D3917-4BBD-40B3-986A-E0C910CED9E9} = {193FEFFB-762C-4EE9-A4A0-194AD26D5EAA}
		{10ACA6C1-C604-4E55-A43F-656284F20D58} = {193FEFFB-762C-4EE9-A4A0-194AD26D5EAA}
		{5AB64CC1-41EC-491E-A404-B2D8F719ADEA} = {193FEFFB-762C-4EE9-A4A0-194AD26D5EAA}
		{4136B6DB-B066-4263-A1C1-2C7C70E42AE0} = {193FEFFB-762C-4EE9-A4A0-194AD26D5EAA}
	EndGlobalSection
EndGlobal
