
Microsoft Visual Studio Solution File, Format Version 12.00
# Visual Studio 15
VisualStudioVersion = 15.0.26430.14
MinimumVisualStudioVersion = 10.0.40219.1
Project("{FAE04EC0-301F-11D3-BF4B-00C04F79EFBC}") = "01. Charity Marathon", "01. Charity Marathon\01. Charity Marathon.csproj", "{F55C7161-064C-43B7-AFC7-E7573B952615}"
EndProject
Project("{FAE04EC0-301F-11D3-BF4B-00C04F79EFBC}") = "02. Ladybugs", "02. Ladybugs\02. Ladybugs.csproj", "{3E730CB5-665C-461E-9403-35C99D12654C}"
EndProject
Project("{FAE04EC0-301F-11D3-BF4B-00C04F79EFBC}") = "04. Roli The Coder", "04. Roli The Coder\04. Roli The Coder.csproj", "{EA866A47-7311-4280-B314-F0C9CE4E471D}"
EndProject
Project("{FAE04EC0-301F-11D3-BF4B-00C04F79EFBC}") = "03. Nether Realms", "03. Nether Realms\03. Nether Realms.csproj", "{495E1AF2-3D41-4D71-8836-C8AFF83CD9DD}"
EndProject
Global
	GlobalSection(SolutionConfigurationPlatforms) = preSolution
		Debug|Any CPU = Debug|Any CPU
		Release|Any CPU = Release|Any CPU
	EndGlobalSection
	GlobalSection(ProjectConfigurationPlatforms) = postSolution
		{F55C7161-064C-43B7-AFC7-E7573B952615}.Debug|Any CPU.ActiveCfg = Debug|Any CPU
		{F55C7161-064C-43B7-AFC7-E7573B952615}.Debug|Any CPU.Build.0 = Debug|Any CPU
		{F55C7161-064C-43B7-AFC7-E7573B952615}.Release|Any CPU.ActiveCfg = Release|Any CPU
		{F55C7161-064C-43B7-AFC7-E7573B952615}.Release|Any CPU.Build.0 = Release|Any CPU
		{3E730CB5-665C-461E-9403-35C99D12654C}.Debug|Any CPU.ActiveCfg = Debug|Any CPU
		{3E730CB5-665C-461E-9403-35C99D12654C}.Debug|Any CPU.Build.0 = Debug|Any CPU
		{3E730CB5-665C-461E-9403-35C99D12654C}.Release|Any CPU.ActiveCfg = Release|Any CPU
		{3E730CB5-665C-461E-9403-35C99D12654C}.Release|Any CPU.Build.0 = Release|Any CPU
		{EA866A47-7311-4280-B314-F0C9CE4E471D}.Debug|Any CPU.ActiveCfg = Debug|Any CPU
		{EA866A47-7311-4280-B314-F0C9CE4E471D}.Debug|Any CPU.Build.0 = Debug|Any CPU
		{EA866A47-7311-4280-B314-F0C9CE4E471D}.Release|Any CPU.ActiveCfg = Release|Any CPU
		{EA866A47-7311-4280-B314-F0C9CE4E471D}.Release|Any CPU.Build.0 = Release|Any CPU
		{495E1AF2-3D41-4D71-8836-C8AFF83CD9DD}.Debug|Any CPU.ActiveCfg = Debug|Any CPU
		{495E1AF2-3D41-4D71-8836-C8AFF83CD9DD}.Debug|Any CPU.Build.0 = Debug|Any CPU
		{495E1AF2-3D41-4D71-8836-C8AFF83CD9DD}.Release|Any CPU.ActiveCfg = Release|Any CPU
		{495E1AF2-3D41-4D71-8836-C8AFF83CD9DD}.Release|Any CPU.Build.0 = Release|Any CPU
	EndGlobalSection
	GlobalSection(SolutionProperties) = preSolution
		HideSolutionNode = FALSE
	EndGlobalSection
EndGlobal
