
Microsoft Visual Studio Solution File, Format Version 12.00
# Visual Studio 15
VisualStudioVersion = 15.0.26430.14
MinimumVisualStudioVersion = 10.0.40219.1
Project("{FAE04EC0-301F-11D3-BF4B-00C04F79EFBC}") = "03. Text Filter", "03. Text Filter\03. Text Filter.csproj", "{724B297D-9C81-434B-800D-E606201EB16B}"
EndProject
Project("{FAE04EC0-301F-11D3-BF4B-00C04F79EFBC}") = "02. Count Substring Occurrences", "02. Count Substring Occurrences\02. Count Substring Occurrences.csproj", "{66CFD1D9-320C-4905-ACAD-B829DCEA5097}"
EndProject
Project("{FAE04EC0-301F-11D3-BF4B-00C04F79EFBC}") = "01. Reverse String", "01. Reverse String\01. Reverse String.csproj", "{CBE52860-AF49-4FB6-9DB0-AE3223B0AD43}"
EndProject
Project("{FAE04EC0-301F-11D3-BF4B-00C04F79EFBC}") = "04. Palindromes", "04. Palindromes\04. Palindromes.csproj", "{5B0EBD49-993D-41C5-AAE6-E5321215FFE0}"
EndProject
Project("{2150E333-8FDC-42A3-9474-1A3956D46DE8}") = "Lab", "Lab", "{9028656F-FB20-4A5C-80EA-D7355BAEB83B}"
EndProject
Project("{2150E333-8FDC-42A3-9474-1A3956D46DE8}") = "Excercice", "Excercice", "{04D61C7B-1DAD-4126-A667-E94EF12C356D}"
EndProject
Project("{FAE04EC0-301F-11D3-BF4B-00C04F79EFBC}") = "01. Convert from base-10 to base-N", "01. Convert from base-10 to base-N\01. Convert from base-10 to base-N.csproj", "{7BA99A0A-48F7-4E27-AC1F-72296D8FEE17}"
EndProject
Project("{FAE04EC0-301F-11D3-BF4B-00C04F79EFBC}") = "03. Unicode Characters", "03. Unicode Characters\03. Unicode Characters.csproj", "{63E196E4-BE1C-4469-ADD4-A90B0A723AF9}"
EndProject
Project("{FAE04EC0-301F-11D3-BF4B-00C04F79EFBC}") = "04. Character Multiplier", "04. Character Multiplier\04. Character Multiplier.csproj", "{295C2A44-D4E8-4E96-B44E-D0328B0A7365}"
EndProject
Project("{FAE04EC0-301F-11D3-BF4B-00C04F79EFBC}") = "05. Magic exchangeable words", "05. Magic exchangeable words\05. Magic exchangeable words.csproj", "{51D9BDE9-B475-485C-AC55-133BD2834794}"
EndProject
Project("{FAE04EC0-301F-11D3-BF4B-00C04F79EFBC}") = "02. Convert from base-N to base-10", "02. Convert from base-N to base-10\02. Convert from base-N to base-10.csproj", "{3933776E-232A-46E8-9345-47D8303CF39C}"
EndProject
Project("{FAE04EC0-301F-11D3-BF4B-00C04F79EFBC}") = "06. Sum big numbers", "06. Sum big numbers\06. Sum big numbers.csproj", "{42B59583-93B3-4386-8077-6A2A196C4F19}"
EndProject
Project("{FAE04EC0-301F-11D3-BF4B-00C04F79EFBC}") = "08. Letters Change Numbers", "08. Letters Change Numbers\08. Letters Change Numbers.csproj", "{1B7E9A80-FA75-4E43-9D47-14C8978DA219}"
EndProject
Project("{FAE04EC0-301F-11D3-BF4B-00C04F79EFBC}") = "09. Melrah Shake", "09. Melrah Shake\09. Melrah Shake.csproj", "{01E1D124-1176-4A54-994C-41C06FF3A35C}"
EndProject
Project("{FAE04EC0-301F-11D3-BF4B-00C04F79EFBC}") = "07. Multiply big number", "07. Multiply big number\07. Multiply big number.csproj", "{791EA3B8-2921-4696-8C5D-0583020A3A8D}"
EndProject
Global
	GlobalSection(SolutionConfigurationPlatforms) = preSolution
		Debug|Any CPU = Debug|Any CPU
		Release|Any CPU = Release|Any CPU
	EndGlobalSection
	GlobalSection(ProjectConfigurationPlatforms) = postSolution
		{724B297D-9C81-434B-800D-E606201EB16B}.Debug|Any CPU.ActiveCfg = Debug|Any CPU
		{724B297D-9C81-434B-800D-E606201EB16B}.Debug|Any CPU.Build.0 = Debug|Any CPU
		{724B297D-9C81-434B-800D-E606201EB16B}.Release|Any CPU.ActiveCfg = Release|Any CPU
		{724B297D-9C81-434B-800D-E606201EB16B}.Release|Any CPU.Build.0 = Release|Any CPU
		{66CFD1D9-320C-4905-ACAD-B829DCEA5097}.Debug|Any CPU.ActiveCfg = Debug|Any CPU
		{66CFD1D9-320C-4905-ACAD-B829DCEA5097}.Debug|Any CPU.Build.0 = Debug|Any CPU
		{66CFD1D9-320C-4905-ACAD-B829DCEA5097}.Release|Any CPU.ActiveCfg = Release|Any CPU
		{66CFD1D9-320C-4905-ACAD-B829DCEA5097}.Release|Any CPU.Build.0 = Release|Any CPU
		{CBE52860-AF49-4FB6-9DB0-AE3223B0AD43}.Debug|Any CPU.ActiveCfg = Debug|Any CPU
		{CBE52860-AF49-4FB6-9DB0-AE3223B0AD43}.Debug|Any CPU.Build.0 = Debug|Any CPU
		{CBE52860-AF49-4FB6-9DB0-AE3223B0AD43}.Release|Any CPU.ActiveCfg = Release|Any CPU
		{CBE52860-AF49-4FB6-9DB0-AE3223B0AD43}.Release|Any CPU.Build.0 = Release|Any CPU
		{5B0EBD49-993D-41C5-AAE6-E5321215FFE0}.Debug|Any CPU.ActiveCfg = Debug|Any CPU
		{5B0EBD49-993D-41C5-AAE6-E5321215FFE0}.Debug|Any CPU.Build.0 = Debug|Any CPU
		{5B0EBD49-993D-41C5-AAE6-E5321215FFE0}.Release|Any CPU.ActiveCfg = Release|Any CPU
		{5B0EBD49-993D-41C5-AAE6-E5321215FFE0}.Release|Any CPU.Build.0 = Release|Any CPU
		{7BA99A0A-48F7-4E27-AC1F-72296D8FEE17}.Debug|Any CPU.ActiveCfg = Debug|Any CPU
		{7BA99A0A-48F7-4E27-AC1F-72296D8FEE17}.Debug|Any CPU.Build.0 = Debug|Any CPU
		{7BA99A0A-48F7-4E27-AC1F-72296D8FEE17}.Release|Any CPU.ActiveCfg = Release|Any CPU
		{7BA99A0A-48F7-4E27-AC1F-72296D8FEE17}.Release|Any CPU.Build.0 = Release|Any CPU
		{63E196E4-BE1C-4469-ADD4-A90B0A723AF9}.Debug|Any CPU.ActiveCfg = Debug|Any CPU
		{63E196E4-BE1C-4469-ADD4-A90B0A723AF9}.Debug|Any CPU.Build.0 = Debug|Any CPU
		{63E196E4-BE1C-4469-ADD4-A90B0A723AF9}.Release|Any CPU.ActiveCfg = Release|Any CPU
		{63E196E4-BE1C-4469-ADD4-A90B0A723AF9}.Release|Any CPU.Build.0 = Release|Any CPU
		{295C2A44-D4E8-4E96-B44E-D0328B0A7365}.Debug|Any CPU.ActiveCfg = Debug|Any CPU
		{295C2A44-D4E8-4E96-B44E-D0328B0A7365}.Debug|Any CPU.Build.0 = Debug|Any CPU
		{295C2A44-D4E8-4E96-B44E-D0328B0A7365}.Release|Any CPU.ActiveCfg = Release|Any CPU
		{295C2A44-D4E8-4E96-B44E-D0328B0A7365}.Release|Any CPU.Build.0 = Release|Any CPU
		{51D9BDE9-B475-485C-AC55-133BD2834794}.Debug|Any CPU.ActiveCfg = Debug|Any CPU
		{51D9BDE9-B475-485C-AC55-133BD2834794}.Debug|Any CPU.Build.0 = Debug|Any CPU
		{51D9BDE9-B475-485C-AC55-133BD2834794}.Release|Any CPU.ActiveCfg = Release|Any CPU
		{51D9BDE9-B475-485C-AC55-133BD2834794}.Release|Any CPU.Build.0 = Release|Any CPU
		{3933776E-232A-46E8-9345-47D8303CF39C}.Debug|Any CPU.ActiveCfg = Debug|Any CPU
		{3933776E-232A-46E8-9345-47D8303CF39C}.Debug|Any CPU.Build.0 = Debug|Any CPU
		{3933776E-232A-46E8-9345-47D8303CF39C}.Release|Any CPU.ActiveCfg = Release|Any CPU
		{3933776E-232A-46E8-9345-47D8303CF39C}.Release|Any CPU.Build.0 = Release|Any CPU
		{42B59583-93B3-4386-8077-6A2A196C4F19}.Debug|Any CPU.ActiveCfg = Debug|Any CPU
		{42B59583-93B3-4386-8077-6A2A196C4F19}.Debug|Any CPU.Build.0 = Debug|Any CPU
		{42B59583-93B3-4386-8077-6A2A196C4F19}.Release|Any CPU.ActiveCfg = Release|Any CPU
		{42B59583-93B3-4386-8077-6A2A196C4F19}.Release|Any CPU.Build.0 = Release|Any CPU
		{1B7E9A80-FA75-4E43-9D47-14C8978DA219}.Debug|Any CPU.ActiveCfg = Debug|Any CPU
		{1B7E9A80-FA75-4E43-9D47-14C8978DA219}.Debug|Any CPU.Build.0 = Debug|Any CPU
		{1B7E9A80-FA75-4E43-9D47-14C8978DA219}.Release|Any CPU.ActiveCfg = Release|Any CPU
		{1B7E9A80-FA75-4E43-9D47-14C8978DA219}.Release|Any CPU.Build.0 = Release|Any CPU
		{01E1D124-1176-4A54-994C-41C06FF3A35C}.Debug|Any CPU.ActiveCfg = Debug|Any CPU
		{01E1D124-1176-4A54-994C-41C06FF3A35C}.Debug|Any CPU.Build.0 = Debug|Any CPU
		{01E1D124-1176-4A54-994C-41C06FF3A35C}.Release|Any CPU.ActiveCfg = Release|Any CPU
		{01E1D124-1176-4A54-994C-41C06FF3A35C}.Release|Any CPU.Build.0 = Release|Any CPU
		{791EA3B8-2921-4696-8C5D-0583020A3A8D}.Debug|Any CPU.ActiveCfg = Debug|Any CPU
		{791EA3B8-2921-4696-8C5D-0583020A3A8D}.Debug|Any CPU.Build.0 = Debug|Any CPU
		{791EA3B8-2921-4696-8C5D-0583020A3A8D}.Release|Any CPU.ActiveCfg = Release|Any CPU
		{791EA3B8-2921-4696-8C5D-0583020A3A8D}.Release|Any CPU.Build.0 = Release|Any CPU
	EndGlobalSection
	GlobalSection(SolutionProperties) = preSolution
		HideSolutionNode = FALSE
	EndGlobalSection
	GlobalSection(NestedProjects) = preSolution
		{724B297D-9C81-434B-800D-E606201EB16B} = {9028656F-FB20-4A5C-80EA-D7355BAEB83B}
		{66CFD1D9-320C-4905-ACAD-B829DCEA5097} = {9028656F-FB20-4A5C-80EA-D7355BAEB83B}
		{CBE52860-AF49-4FB6-9DB0-AE3223B0AD43} = {9028656F-FB20-4A5C-80EA-D7355BAEB83B}
		{5B0EBD49-993D-41C5-AAE6-E5321215FFE0} = {9028656F-FB20-4A5C-80EA-D7355BAEB83B}
		{7BA99A0A-48F7-4E27-AC1F-72296D8FEE17} = {04D61C7B-1DAD-4126-A667-E94EF12C356D}
		{63E196E4-BE1C-4469-ADD4-A90B0A723AF9} = {04D61C7B-1DAD-4126-A667-E94EF12C356D}
		{295C2A44-D4E8-4E96-B44E-D0328B0A7365} = {04D61C7B-1DAD-4126-A667-E94EF12C356D}
		{51D9BDE9-B475-485C-AC55-133BD2834794} = {04D61C7B-1DAD-4126-A667-E94EF12C356D}
		{3933776E-232A-46E8-9345-47D8303CF39C} = {04D61C7B-1DAD-4126-A667-E94EF12C356D}
		{42B59583-93B3-4386-8077-6A2A196C4F19} = {04D61C7B-1DAD-4126-A667-E94EF12C356D}
		{1B7E9A80-FA75-4E43-9D47-14C8978DA219} = {04D61C7B-1DAD-4126-A667-E94EF12C356D}
		{01E1D124-1176-4A54-994C-41C06FF3A35C} = {04D61C7B-1DAD-4126-A667-E94EF12C356D}
		{791EA3B8-2921-4696-8C5D-0583020A3A8D} = {04D61C7B-1DAD-4126-A667-E94EF12C356D}
	EndGlobalSection
EndGlobal
