
Microsoft Visual Studio Solution File, Format Version 12.00
# Visual Studio 15
VisualStudioVersion = 15.0.26430.14
MinimumVisualStudioVersion = 10.0.40219.1
Project("{FAE04EC0-301F-11D3-BF4B-00C04F79EFBC}") = "01. Passed", "C Sharp Conditional Statements and Loops\01. Passed.csproj", "{C165E124-0771-4B0E-AC0E-193592F1CBC2}"
EndProject
Project("{FAE04EC0-301F-11D3-BF4B-00C04F79EFBC}") = "02. Passed or Failed", "02. Passed or Failed\02. Passed or Failed.csproj", "{CC9B3E17-BEC6-4391-8E4E-F73355BE8001}"
EndProject
Project("{FAE04EC0-301F-11D3-BF4B-00C04F79EFBC}") = "03. Back in 30 Minutes", "03. Back in 30 Minutes\03. Back in 30 Minutes.csproj", "{E86EF47C-4F30-4E5B-BEC1-E9AF70807A2B}"
EndProject
Project("{FAE04EC0-301F-11D3-BF4B-00C04F79EFBC}") = "04. Month Printer", "04. Month Printer\04. Month Printer.csproj", "{1AAC0F9D-6569-41A1-ACAC-F2381D0E5136}"
EndProject
Project("{FAE04EC0-301F-11D3-BF4B-00C04F79EFBC}") = "05. Foreign Languages", "05. Foreign Languages\05. Foreign Languages.csproj", "{26FE1042-A3C2-496D-88A7-36FD2DDDF8F0}"
EndProject
Project("{FAE04EC0-301F-11D3-BF4B-00C04F79EFBC}") = "06. Theatre Promotion", "06. Theatre Promotion\06. Theatre Promotion.csproj", "{26C35404-1101-42A4-A4AE-3E64DFD67855}"
EndProject
Project("{FAE04EC0-301F-11D3-BF4B-00C04F79EFBC}") = "07. Divisible by 3", "07. Divisible by 3\07. Divisible by 3.csproj", "{DB1F7ABF-016D-46A2-896D-99559B30D8A2}"
EndProject
Project("{FAE04EC0-301F-11D3-BF4B-00C04F79EFBC}") = "08. Sum of Odd Numbers", "08. Sum of Odd Numbers\08. Sum of Odd Numbers.csproj", "{06C3C30B-28E3-430C-B8BF-B2776D146B5D}"
EndProject
Project("{FAE04EC0-301F-11D3-BF4B-00C04F79EFBC}") = "09. Multiplication Table", "09. Multiplication Table\09. Multiplication Table.csproj", "{4E7760B2-393D-47F2-9F99-80E2F43605E4}"
EndProject
Project("{FAE04EC0-301F-11D3-BF4B-00C04F79EFBC}") = "10. Multiplication Table 2.0", "10. Multiplication Table 2.0\10. Multiplication Table 2.0.csproj", "{A68D88F1-71CF-49DC-89A2-9EEB6A61EEBA}"
EndProject
Project("{FAE04EC0-301F-11D3-BF4B-00C04F79EFBC}") = "11. Odd Number", "11. Odd Number\11. Odd Number.csproj", "{7E3CB999-E835-4729-8D7E-72910CA65786}"
EndProject
Project("{FAE04EC0-301F-11D3-BF4B-00C04F79EFBC}") = "12. Number Checker", "12. Number Checker\12. Number Checker.csproj", "{072A42F9-D87B-4EA4-ACC6-508608C71D13}"
EndProject
Project("{2150E333-8FDC-42A3-9474-1A3956D46DE8}") = "Lab", "Lab", "{F21C972C-ABFE-4B83-BFC4-FEBD3C09A3CB}"
EndProject
Project("{2150E333-8FDC-42A3-9474-1A3956D46DE8}") = "Exercises", "Exercises", "{291E9BD5-7289-4013-A58C-6807FC89A562}"
EndProject
Project("{FAE04EC0-301F-11D3-BF4B-00C04F79EFBC}") = "01. Choose a Drink", "01. Choose a Drink\01. Choose a Drink.csproj", "{7328F151-8498-4064-B2DB-B11B8337ACBF}"
EndProject
Project("{FAE04EC0-301F-11D3-BF4B-00C04F79EFBC}") = "02. Choose a Drink 2.0", "02. Choose a Drink 2.0\02. Choose a Drink 2.0.csproj", "{87AC4A51-90FC-4974-9210-F81123AA2D34}"
EndProject
Project("{FAE04EC0-301F-11D3-BF4B-00C04F79EFBC}") = "03. Restaurant Discount", "03. Restaurant Discount\03. Restaurant Discount.csproj", "{B21E474F-6039-4DAE-BEED-D2C7483C9A28}"
EndProject
Project("{FAE04EC0-301F-11D3-BF4B-00C04F79EFBC}") = "04. Hotel", "04. Hotel\04. Hotel.csproj", "{53739DEC-3283-446B-B447-FA82D525692F}"
EndProject
Project("{FAE04EC0-301F-11D3-BF4B-00C04F79EFBC}") = "05. Word in Plural", "05. Word in Plural\05. Word in Plural.csproj", "{F8CA8DC4-D861-4103-A71C-BC025C90D1A8}"
EndProject
Project("{FAE04EC0-301F-11D3-BF4B-00C04F79EFBC}") = "06. Interval of Numbers", "06. Interval of Numbers\06. Interval of Numbers.csproj", "{DB980353-B2E1-4B59-8B3B-88F45F6736C4}"
EndProject
Project("{FAE04EC0-301F-11D3-BF4B-00C04F79EFBC}") = "07. Cake Ingredients", "07. Cake Ingredients\07. Cake Ingredients.csproj", "{76BFEA9E-AE0E-4DCD-B80D-B32AD43020E7}"
EndProject
Project("{FAE04EC0-301F-11D3-BF4B-00C04F79EFBC}") = "08. Calories Counter", "08. Calories Counter\08. Calories Counter.csproj", "{905DFC49-B189-4FCC-932D-68045DE4CEFB}"
EndProject
Project("{FAE04EC0-301F-11D3-BF4B-00C04F79EFBC}") = "09. Count the Integers", "09. Count the Integers\09. Count the Integers.csproj", "{E17523AD-6275-4089-9500-8F6B6875BCD0}"
EndProject
Project("{FAE04EC0-301F-11D3-BF4B-00C04F79EFBC}") = "10. Triangle of Numbers", "10. Triangle of Numbers\10. Triangle of Numbers.csproj", "{0A6981B7-8D03-40EC-BA7C-517C8FF7C1A0}"
EndProject
Project("{FAE04EC0-301F-11D3-BF4B-00C04F79EFBC}") = "11. 5 Different Numbers", "11. 5 Different Numbers\11. 5 Different Numbers.csproj", "{648FEF39-CA8D-4F98-B6DA-C18EFDFC19AF}"
EndProject
Project("{FAE04EC0-301F-11D3-BF4B-00C04F79EFBC}") = "12. Test Numbers", "12. Test Numbers\12. Test Numbers.csproj", "{C427098D-E115-4A27-AD45-C6D94A5328FC}"
EndProject
Project("{FAE04EC0-301F-11D3-BF4B-00C04F79EFBC}") = "13. Game of Numbers", "13. Game of Numbers\13. Game of Numbers.csproj", "{71C47C60-347A-48AC-9FA7-CF4AC873CFB0}"
EndProject
Project("{FAE04EC0-301F-11D3-BF4B-00C04F79EFBC}") = "14. Magic Letter", "14. Magic Letter\14. Magic Letter.csproj", "{FE5B5E0D-52C2-4F8D-A57B-0D8959CD8FC1}"
EndProject
Project("{FAE04EC0-301F-11D3-BF4B-00C04F79EFBC}") = "15. Neighbour Wars", "15. Neighbour Wars\15. Neighbour Wars.csproj", "{42C2828F-9592-461E-92FB-52EA64918A58}"
EndProject
Project("{2150E333-8FDC-42A3-9474-1A3956D46DE8}") = "More Exercises", "More Exercises", "{CD4D52E4-6D1F-424F-A394-06F7A992A846}"
EndProject
Project("{FAE04EC0-301F-11D3-BF4B-00C04F79EFBC}") = "01. X", "01. X\01. X.csproj", "{FF2285EE-1E8B-49A4-A030-D1F822ECA1B9}"
EndProject
Project("{FAE04EC0-301F-11D3-BF4B-00C04F79EFBC}") = "02. Vapor Store", "02. Vapor Store\02. Vapor Store.csproj", "{6B4015E4-E032-4B0E-BE6D-119B375423E8}"
EndProject
Project("{FAE04EC0-301F-11D3-BF4B-00C04F79EFBC}") = "03. Megapixels", "03. Megapixels\03. Megapixels.csproj", "{2F9CBE84-E34F-4191-B0F7-7AC33C54952C}"
EndProject
Project("{FAE04EC0-301F-11D3-BF4B-00C04F79EFBC}") = "04. Photo Gallery", "04. Photo Gallery\04. Photo Gallery.csproj", "{0701CD50-2AA0-4C05-A5E7-F9D286DEADE2}"
EndProject
Project("{FAE04EC0-301F-11D3-BF4B-00C04F79EFBC}") = "05. BPM Counter", "05. BPM Counter\05. BPM Counter.csproj", "{161CEB0A-4725-4E0E-BB70-00564AF82C4B}"
EndProject
Global
	GlobalSection(SolutionConfigurationPlatforms) = preSolution
		Debug|Any CPU = Debug|Any CPU
		Release|Any CPU = Release|Any CPU
	EndGlobalSection
	GlobalSection(ProjectConfigurationPlatforms) = postSolution
		{C165E124-0771-4B0E-AC0E-193592F1CBC2}.Debug|Any CPU.ActiveCfg = Debug|Any CPU
		{C165E124-0771-4B0E-AC0E-193592F1CBC2}.Debug|Any CPU.Build.0 = Debug|Any CPU
		{C165E124-0771-4B0E-AC0E-193592F1CBC2}.Release|Any CPU.ActiveCfg = Release|Any CPU
		{C165E124-0771-4B0E-AC0E-193592F1CBC2}.Release|Any CPU.Build.0 = Release|Any CPU
		{CC9B3E17-BEC6-4391-8E4E-F73355BE8001}.Debug|Any CPU.ActiveCfg = Debug|Any CPU
		{CC9B3E17-BEC6-4391-8E4E-F73355BE8001}.Debug|Any CPU.Build.0 = Debug|Any CPU
		{CC9B3E17-BEC6-4391-8E4E-F73355BE8001}.Release|Any CPU.ActiveCfg = Release|Any CPU
		{CC9B3E17-BEC6-4391-8E4E-F73355BE8001}.Release|Any CPU.Build.0 = Release|Any CPU
		{E86EF47C-4F30-4E5B-BEC1-E9AF70807A2B}.Debug|Any CPU.ActiveCfg = Debug|Any CPU
		{E86EF47C-4F30-4E5B-BEC1-E9AF70807A2B}.Debug|Any CPU.Build.0 = Debug|Any CPU
		{E86EF47C-4F30-4E5B-BEC1-E9AF70807A2B}.Release|Any CPU.ActiveCfg = Release|Any CPU
		{E86EF47C-4F30-4E5B-BEC1-E9AF70807A2B}.Release|Any CPU.Build.0 = Release|Any CPU
		{1AAC0F9D-6569-41A1-ACAC-F2381D0E5136}.Debug|Any CPU.ActiveCfg = Debug|Any CPU
		{1AAC0F9D-6569-41A1-ACAC-F2381D0E5136}.Debug|Any CPU.Build.0 = Debug|Any CPU
		{1AAC0F9D-6569-41A1-ACAC-F2381D0E5136}.Release|Any CPU.ActiveCfg = Release|Any CPU
		{1AAC0F9D-6569-41A1-ACAC-F2381D0E5136}.Release|Any CPU.Build.0 = Release|Any CPU
		{26FE1042-A3C2-496D-88A7-36FD2DDDF8F0}.Debug|Any CPU.ActiveCfg = Debug|Any CPU
		{26FE1042-A3C2-496D-88A7-36FD2DDDF8F0}.Debug|Any CPU.Build.0 = Debug|Any CPU
		{26FE1042-A3C2-496D-88A7-36FD2DDDF8F0}.Release|Any CPU.ActiveCfg = Release|Any CPU
		{26FE1042-A3C2-496D-88A7-36FD2DDDF8F0}.Release|Any CPU.Build.0 = Release|Any CPU
		{26C35404-1101-42A4-A4AE-3E64DFD67855}.Debug|Any CPU.ActiveCfg = Debug|Any CPU
		{26C35404-1101-42A4-A4AE-3E64DFD67855}.Debug|Any CPU.Build.0 = Debug|Any CPU
		{26C35404-1101-42A4-A4AE-3E64DFD67855}.Release|Any CPU.ActiveCfg = Release|Any CPU
		{26C35404-1101-42A4-A4AE-3E64DFD67855}.Release|Any CPU.Build.0 = Release|Any CPU
		{DB1F7ABF-016D-46A2-896D-99559B30D8A2}.Debug|Any CPU.ActiveCfg = Debug|Any CPU
		{DB1F7ABF-016D-46A2-896D-99559B30D8A2}.Debug|Any CPU.Build.0 = Debug|Any CPU
		{DB1F7ABF-016D-46A2-896D-99559B30D8A2}.Release|Any CPU.ActiveCfg = Release|Any CPU
		{DB1F7ABF-016D-46A2-896D-99559B30D8A2}.Release|Any CPU.Build.0 = Release|Any CPU
		{06C3C30B-28E3-430C-B8BF-B2776D146B5D}.Debug|Any CPU.ActiveCfg = Debug|Any CPU
		{06C3C30B-28E3-430C-B8BF-B2776D146B5D}.Debug|Any CPU.Build.0 = Debug|Any CPU
		{06C3C30B-28E3-430C-B8BF-B2776D146B5D}.Release|Any CPU.ActiveCfg = Release|Any CPU
		{06C3C30B-28E3-430C-B8BF-B2776D146B5D}.Release|Any CPU.Build.0 = Release|Any CPU
		{4E7760B2-393D-47F2-9F99-80E2F43605E4}.Debug|Any CPU.ActiveCfg = Debug|Any CPU
		{4E7760B2-393D-47F2-9F99-80E2F43605E4}.Debug|Any CPU.Build.0 = Debug|Any CPU
		{4E7760B2-393D-47F2-9F99-80E2F43605E4}.Release|Any CPU.ActiveCfg = Release|Any CPU
		{4E7760B2-393D-47F2-9F99-80E2F43605E4}.Release|Any CPU.Build.0 = Release|Any CPU
		{A68D88F1-71CF-49DC-89A2-9EEB6A61EEBA}.Debug|Any CPU.ActiveCfg = Debug|Any CPU
		{A68D88F1-71CF-49DC-89A2-9EEB6A61EEBA}.Debug|Any CPU.Build.0 = Debug|Any CPU
		{A68D88F1-71CF-49DC-89A2-9EEB6A61EEBA}.Release|Any CPU.ActiveCfg = Release|Any CPU
		{A68D88F1-71CF-49DC-89A2-9EEB6A61EEBA}.Release|Any CPU.Build.0 = Release|Any CPU
		{7E3CB999-E835-4729-8D7E-72910CA65786}.Debug|Any CPU.ActiveCfg = Debug|Any CPU
		{7E3CB999-E835-4729-8D7E-72910CA65786}.Debug|Any CPU.Build.0 = Debug|Any CPU
		{7E3CB999-E835-4729-8D7E-72910CA65786}.Release|Any CPU.ActiveCfg = Release|Any CPU
		{7E3CB999-E835-4729-8D7E-72910CA65786}.Release|Any CPU.Build.0 = Release|Any CPU
		{072A42F9-D87B-4EA4-ACC6-508608C71D13}.Debug|Any CPU.ActiveCfg = Debug|Any CPU
		{072A42F9-D87B-4EA4-ACC6-508608C71D13}.Debug|Any CPU.Build.0 = Debug|Any CPU
		{072A42F9-D87B-4EA4-ACC6-508608C71D13}.Release|Any CPU.ActiveCfg = Release|Any CPU
		{072A42F9-D87B-4EA4-ACC6-508608C71D13}.Release|Any CPU.Build.0 = Release|Any CPU
		{7328F151-8498-4064-B2DB-B11B8337ACBF}.Debug|Any CPU.ActiveCfg = Debug|Any CPU
		{7328F151-8498-4064-B2DB-B11B8337ACBF}.Debug|Any CPU.Build.0 = Debug|Any CPU
		{7328F151-8498-4064-B2DB-B11B8337ACBF}.Release|Any CPU.ActiveCfg = Release|Any CPU
		{7328F151-8498-4064-B2DB-B11B8337ACBF}.Release|Any CPU.Build.0 = Release|Any CPU
		{87AC4A51-90FC-4974-9210-F81123AA2D34}.Debug|Any CPU.ActiveCfg = Debug|Any CPU
		{87AC4A51-90FC-4974-9210-F81123AA2D34}.Debug|Any CPU.Build.0 = Debug|Any CPU
		{87AC4A51-90FC-4974-9210-F81123AA2D34}.Release|Any CPU.ActiveCfg = Release|Any CPU
		{87AC4A51-90FC-4974-9210-F81123AA2D34}.Release|Any CPU.Build.0 = Release|Any CPU
		{B21E474F-6039-4DAE-BEED-D2C7483C9A28}.Debug|Any CPU.ActiveCfg = Debug|Any CPU
		{B21E474F-6039-4DAE-BEED-D2C7483C9A28}.Debug|Any CPU.Build.0 = Debug|Any CPU
		{B21E474F-6039-4DAE-BEED-D2C7483C9A28}.Release|Any CPU.ActiveCfg = Release|Any CPU
		{B21E474F-6039-4DAE-BEED-D2C7483C9A28}.Release|Any CPU.Build.0 = Release|Any CPU
		{53739DEC-3283-446B-B447-FA82D525692F}.Debug|Any CPU.ActiveCfg = Debug|Any CPU
		{53739DEC-3283-446B-B447-FA82D525692F}.Debug|Any CPU.Build.0 = Debug|Any CPU
		{53739DEC-3283-446B-B447-FA82D525692F}.Release|Any CPU.ActiveCfg = Release|Any CPU
		{53739DEC-3283-446B-B447-FA82D525692F}.Release|Any CPU.Build.0 = Release|Any CPU
		{F8CA8DC4-D861-4103-A71C-BC025C90D1A8}.Debug|Any CPU.ActiveCfg = Debug|Any CPU
		{F8CA8DC4-D861-4103-A71C-BC025C90D1A8}.Debug|Any CPU.Build.0 = Debug|Any CPU
		{F8CA8DC4-D861-4103-A71C-BC025C90D1A8}.Release|Any CPU.ActiveCfg = Release|Any CPU
		{F8CA8DC4-D861-4103-A71C-BC025C90D1A8}.Release|Any CPU.Build.0 = Release|Any CPU
		{DB980353-B2E1-4B59-8B3B-88F45F6736C4}.Debug|Any CPU.ActiveCfg = Debug|Any CPU
		{DB980353-B2E1-4B59-8B3B-88F45F6736C4}.Debug|Any CPU.Build.0 = Debug|Any CPU
		{DB980353-B2E1-4B59-8B3B-88F45F6736C4}.Release|Any CPU.ActiveCfg = Release|Any CPU
		{DB980353-B2E1-4B59-8B3B-88F45F6736C4}.Release|Any CPU.Build.0 = Release|Any CPU
		{76BFEA9E-AE0E-4DCD-B80D-B32AD43020E7}.Debug|Any CPU.ActiveCfg = Debug|Any CPU
		{76BFEA9E-AE0E-4DCD-B80D-B32AD43020E7}.Debug|Any CPU.Build.0 = Debug|Any CPU
		{76BFEA9E-AE0E-4DCD-B80D-B32AD43020E7}.Release|Any CPU.ActiveCfg = Release|Any CPU
		{76BFEA9E-AE0E-4DCD-B80D-B32AD43020E7}.Release|Any CPU.Build.0 = Release|Any CPU
		{905DFC49-B189-4FCC-932D-68045DE4CEFB}.Debug|Any CPU.ActiveCfg = Debug|Any CPU
		{905DFC49-B189-4FCC-932D-68045DE4CEFB}.Debug|Any CPU.Build.0 = Debug|Any CPU
		{905DFC49-B189-4FCC-932D-68045DE4CEFB}.Release|Any CPU.ActiveCfg = Release|Any CPU
		{905DFC49-B189-4FCC-932D-68045DE4CEFB}.Release|Any CPU.Build.0 = Release|Any CPU
		{E17523AD-6275-4089-9500-8F6B6875BCD0}.Debug|Any CPU.ActiveCfg = Debug|Any CPU
		{E17523AD-6275-4089-9500-8F6B6875BCD0}.Debug|Any CPU.Build.0 = Debug|Any CPU
		{E17523AD-6275-4089-9500-8F6B6875BCD0}.Release|Any CPU.ActiveCfg = Release|Any CPU
		{E17523AD-6275-4089-9500-8F6B6875BCD0}.Release|Any CPU.Build.0 = Release|Any CPU
		{0A6981B7-8D03-40EC-BA7C-517C8FF7C1A0}.Debug|Any CPU.ActiveCfg = Debug|Any CPU
		{0A6981B7-8D03-40EC-BA7C-517C8FF7C1A0}.Debug|Any CPU.Build.0 = Debug|Any CPU
		{0A6981B7-8D03-40EC-BA7C-517C8FF7C1A0}.Release|Any CPU.ActiveCfg = Release|Any CPU
		{0A6981B7-8D03-40EC-BA7C-517C8FF7C1A0}.Release|Any CPU.Build.0 = Release|Any CPU
		{648FEF39-CA8D-4F98-B6DA-C18EFDFC19AF}.Debug|Any CPU.ActiveCfg = Debug|Any CPU
		{648FEF39-CA8D-4F98-B6DA-C18EFDFC19AF}.Debug|Any CPU.Build.0 = Debug|Any CPU
		{648FEF39-CA8D-4F98-B6DA-C18EFDFC19AF}.Release|Any CPU.ActiveCfg = Release|Any CPU
		{648FEF39-CA8D-4F98-B6DA-C18EFDFC19AF}.Release|Any CPU.Build.0 = Release|Any CPU
		{C427098D-E115-4A27-AD45-C6D94A5328FC}.Debug|Any CPU.ActiveCfg = Debug|Any CPU
		{C427098D-E115-4A27-AD45-C6D94A5328FC}.Debug|Any CPU.Build.0 = Debug|Any CPU
		{C427098D-E115-4A27-AD45-C6D94A5328FC}.Release|Any CPU.ActiveCfg = Release|Any CPU
		{C427098D-E115-4A27-AD45-C6D94A5328FC}.Release|Any CPU.Build.0 = Release|Any CPU
		{71C47C60-347A-48AC-9FA7-CF4AC873CFB0}.Debug|Any CPU.ActiveCfg = Debug|Any CPU
		{71C47C60-347A-48AC-9FA7-CF4AC873CFB0}.Debug|Any CPU.Build.0 = Debug|Any CPU
		{71C47C60-347A-48AC-9FA7-CF4AC873CFB0}.Release|Any CPU.ActiveCfg = Release|Any CPU
		{71C47C60-347A-48AC-9FA7-CF4AC873CFB0}.Release|Any CPU.Build.0 = Release|Any CPU
		{FE5B5E0D-52C2-4F8D-A57B-0D8959CD8FC1}.Debug|Any CPU.ActiveCfg = Debug|Any CPU
		{FE5B5E0D-52C2-4F8D-A57B-0D8959CD8FC1}.Debug|Any CPU.Build.0 = Debug|Any CPU
		{FE5B5E0D-52C2-4F8D-A57B-0D8959CD8FC1}.Release|Any CPU.ActiveCfg = Release|Any CPU
		{FE5B5E0D-52C2-4F8D-A57B-0D8959CD8FC1}.Release|Any CPU.Build.0 = Release|Any CPU
		{42C2828F-9592-461E-92FB-52EA64918A58}.Debug|Any CPU.ActiveCfg = Debug|Any CPU
		{42C2828F-9592-461E-92FB-52EA64918A58}.Debug|Any CPU.Build.0 = Debug|Any CPU
		{42C2828F-9592-461E-92FB-52EA64918A58}.Release|Any CPU.ActiveCfg = Release|Any CPU
		{42C2828F-9592-461E-92FB-52EA64918A58}.Release|Any CPU.Build.0 = Release|Any CPU
		{FF2285EE-1E8B-49A4-A030-D1F822ECA1B9}.Debug|Any CPU.ActiveCfg = Debug|Any CPU
		{FF2285EE-1E8B-49A4-A030-D1F822ECA1B9}.Debug|Any CPU.Build.0 = Debug|Any CPU
		{FF2285EE-1E8B-49A4-A030-D1F822ECA1B9}.Release|Any CPU.ActiveCfg = Release|Any CPU
		{FF2285EE-1E8B-49A4-A030-D1F822ECA1B9}.Release|Any CPU.Build.0 = Release|Any CPU
		{6B4015E4-E032-4B0E-BE6D-119B375423E8}.Debug|Any CPU.ActiveCfg = Debug|Any CPU
		{6B4015E4-E032-4B0E-BE6D-119B375423E8}.Debug|Any CPU.Build.0 = Debug|Any CPU
		{6B4015E4-E032-4B0E-BE6D-119B375423E8}.Release|Any CPU.ActiveCfg = Release|Any CPU
		{6B4015E4-E032-4B0E-BE6D-119B375423E8}.Release|Any CPU.Build.0 = Release|Any CPU
		{2F9CBE84-E34F-4191-B0F7-7AC33C54952C}.Debug|Any CPU.ActiveCfg = Debug|Any CPU
		{2F9CBE84-E34F-4191-B0F7-7AC33C54952C}.Debug|Any CPU.Build.0 = Debug|Any CPU
		{2F9CBE84-E34F-4191-B0F7-7AC33C54952C}.Release|Any CPU.ActiveCfg = Release|Any CPU
		{2F9CBE84-E34F-4191-B0F7-7AC33C54952C}.Release|Any CPU.Build.0 = Release|Any CPU
		{0701CD50-2AA0-4C05-A5E7-F9D286DEADE2}.Debug|Any CPU.ActiveCfg = Debug|Any CPU
		{0701CD50-2AA0-4C05-A5E7-F9D286DEADE2}.Debug|Any CPU.Build.0 = Debug|Any CPU
		{0701CD50-2AA0-4C05-A5E7-F9D286DEADE2}.Release|Any CPU.ActiveCfg = Release|Any CPU
		{0701CD50-2AA0-4C05-A5E7-F9D286DEADE2}.Release|Any CPU.Build.0 = Release|Any CPU
		{161CEB0A-4725-4E0E-BB70-00564AF82C4B}.Debug|Any CPU.ActiveCfg = Debug|Any CPU
		{161CEB0A-4725-4E0E-BB70-00564AF82C4B}.Debug|Any CPU.Build.0 = Debug|Any CPU
		{161CEB0A-4725-4E0E-BB70-00564AF82C4B}.Release|Any CPU.ActiveCfg = Release|Any CPU
		{161CEB0A-4725-4E0E-BB70-00564AF82C4B}.Release|Any CPU.Build.0 = Release|Any CPU
	EndGlobalSection
	GlobalSection(SolutionProperties) = preSolution
		HideSolutionNode = FALSE
	EndGlobalSection
	GlobalSection(NestedProjects) = preSolution
		{C165E124-0771-4B0E-AC0E-193592F1CBC2} = {F21C972C-ABFE-4B83-BFC4-FEBD3C09A3CB}
		{CC9B3E17-BEC6-4391-8E4E-F73355BE8001} = {F21C972C-ABFE-4B83-BFC4-FEBD3C09A3CB}
		{E86EF47C-4F30-4E5B-BEC1-E9AF70807A2B} = {F21C972C-ABFE-4B83-BFC4-FEBD3C09A3CB}
		{1AAC0F9D-6569-41A1-ACAC-F2381D0E5136} = {F21C972C-ABFE-4B83-BFC4-FEBD3C09A3CB}
		{26FE1042-A3C2-496D-88A7-36FD2DDDF8F0} = {F21C972C-ABFE-4B83-BFC4-FEBD3C09A3CB}
		{26C35404-1101-42A4-A4AE-3E64DFD67855} = {F21C972C-ABFE-4B83-BFC4-FEBD3C09A3CB}
		{DB1F7ABF-016D-46A2-896D-99559B30D8A2} = {F21C972C-ABFE-4B83-BFC4-FEBD3C09A3CB}
		{06C3C30B-28E3-430C-B8BF-B2776D146B5D} = {F21C972C-ABFE-4B83-BFC4-FEBD3C09A3CB}
		{4E7760B2-393D-47F2-9F99-80E2F43605E4} = {F21C972C-ABFE-4B83-BFC4-FEBD3C09A3CB}
		{A68D88F1-71CF-49DC-89A2-9EEB6A61EEBA} = {F21C972C-ABFE-4B83-BFC4-FEBD3C09A3CB}
		{7E3CB999-E835-4729-8D7E-72910CA65786} = {F21C972C-ABFE-4B83-BFC4-FEBD3C09A3CB}
		{072A42F9-D87B-4EA4-ACC6-508608C71D13} = {F21C972C-ABFE-4B83-BFC4-FEBD3C09A3CB}
		{7328F151-8498-4064-B2DB-B11B8337ACBF} = {291E9BD5-7289-4013-A58C-6807FC89A562}
		{87AC4A51-90FC-4974-9210-F81123AA2D34} = {291E9BD5-7289-4013-A58C-6807FC89A562}
		{B21E474F-6039-4DAE-BEED-D2C7483C9A28} = {291E9BD5-7289-4013-A58C-6807FC89A562}
		{53739DEC-3283-446B-B447-FA82D525692F} = {291E9BD5-7289-4013-A58C-6807FC89A562}
		{F8CA8DC4-D861-4103-A71C-BC025C90D1A8} = {291E9BD5-7289-4013-A58C-6807FC89A562}
		{DB980353-B2E1-4B59-8B3B-88F45F6736C4} = {291E9BD5-7289-4013-A58C-6807FC89A562}
		{76BFEA9E-AE0E-4DCD-B80D-B32AD43020E7} = {291E9BD5-7289-4013-A58C-6807FC89A562}
		{905DFC49-B189-4FCC-932D-68045DE4CEFB} = {291E9BD5-7289-4013-A58C-6807FC89A562}
		{E17523AD-6275-4089-9500-8F6B6875BCD0} = {291E9BD5-7289-4013-A58C-6807FC89A562}
		{0A6981B7-8D03-40EC-BA7C-517C8FF7C1A0} = {291E9BD5-7289-4013-A58C-6807FC89A562}
		{648FEF39-CA8D-4F98-B6DA-C18EFDFC19AF} = {291E9BD5-7289-4013-A58C-6807FC89A562}
		{C427098D-E115-4A27-AD45-C6D94A5328FC} = {291E9BD5-7289-4013-A58C-6807FC89A562}
		{71C47C60-347A-48AC-9FA7-CF4AC873CFB0} = {291E9BD5-7289-4013-A58C-6807FC89A562}
		{FE5B5E0D-52C2-4F8D-A57B-0D8959CD8FC1} = {291E9BD5-7289-4013-A58C-6807FC89A562}
		{42C2828F-9592-461E-92FB-52EA64918A58} = {291E9BD5-7289-4013-A58C-6807FC89A562}
		{FF2285EE-1E8B-49A4-A030-D1F822ECA1B9} = {CD4D52E4-6D1F-424F-A394-06F7A992A846}
		{6B4015E4-E032-4B0E-BE6D-119B375423E8} = {CD4D52E4-6D1F-424F-A394-06F7A992A846}
		{2F9CBE84-E34F-4191-B0F7-7AC33C54952C} = {CD4D52E4-6D1F-424F-A394-06F7A992A846}
		{0701CD50-2AA0-4C05-A5E7-F9D286DEADE2} = {CD4D52E4-6D1F-424F-A394-06F7A992A846}
		{161CEB0A-4725-4E0E-BB70-00564AF82C4B} = {CD4D52E4-6D1F-424F-A394-06F7A992A846}
	EndGlobalSection
EndGlobal
