
Microsoft Visual Studio Solution File, Format Version 12.00
# Visual Studio 15
VisualStudioVersion = 15.0.26430.14
MinimumVisualStudioVersion = 10.0.40219.1
Project("{FAE04EC0-301F-11D3-BF4B-00C04F79EFBC}") = "01. Greeting", "C Sharp Intro and Basic Syntax\01. Greeting.csproj", "{C674C857-04FA-4A46-9B9E-70A62356FE01}"
EndProject
Project("{FAE04EC0-301F-11D3-BF4B-00C04F79EFBC}") = "02. Add Two Numbers", "02. Add Two Numbers\02. Add Two Numbers.csproj", "{F9EF7CAE-518B-47A4-A15F-AE20B3A814DF}"
EndProject
Project("{FAE04EC0-301F-11D3-BF4B-00C04F79EFBC}") = "Employee Data", "03. Employee Data\Employee Data.csproj", "{6BFC701A-53DF-4996-925A-F1718E565369}"
EndProject
Project("{2150E333-8FDC-42A3-9474-1A3956D46DE8}") = "Lab", "Lab", "{5F040156-45D4-430D-9337-54B0F4AF8897}"
EndProject
Project("{2150E333-8FDC-42A3-9474-1A3956D46DE8}") = "Exercises", "Exercises", "{4AD07162-F7C5-4796-B27C-3CB000CD0E32}"
EndProject
Project("{FAE04EC0-301F-11D3-BF4B-00C04F79EFBC}") = "01. Debit Card Number", "01. Debit Card Number\01. Debit Card Number.csproj", "{A50C27E5-148E-416A-9744-C9B1C03976AB}"
EndProject
Project("{FAE04EC0-301F-11D3-BF4B-00C04F79EFBC}") = "02. Rectangle Area", "02. Rectangle Area\02. Rectangle Area.csproj", "{1EA9AE67-0AB8-4F79-A3D0-41EB289CF272}"
EndProject
Project("{FAE04EC0-301F-11D3-BF4B-00C04F79EFBC}") = "03. Miles to Kilometers", "03. Miles to Kilometers\03. Miles to Kilometers.csproj", "{C34BB50A-0367-4DE8-B8EC-A24AC8C090CD}"
EndProject
Project("{FAE04EC0-301F-11D3-BF4B-00C04F79EFBC}") = "04. Beverage Labels", "04. Beverage Labels\04. Beverage Labels.csproj", "{EED6879A-E335-406E-A6D2-37E063569B61}"
EndProject
Project("{FAE04EC0-301F-11D3-BF4B-00C04F79EFBC}") = "05. Character Stats", "05. Character Stats\05. Character Stats.csproj", "{882C1FAC-4DBA-4685-B6A6-2D793DA0F2B0}"
EndProject
Global
	GlobalSection(SolutionConfigurationPlatforms) = preSolution
		Debug|Any CPU = Debug|Any CPU
		Release|Any CPU = Release|Any CPU
	EndGlobalSection
	GlobalSection(ProjectConfigurationPlatforms) = postSolution
		{C674C857-04FA-4A46-9B9E-70A62356FE01}.Debug|Any CPU.ActiveCfg = Debug|Any CPU
		{C674C857-04FA-4A46-9B9E-70A62356FE01}.Debug|Any CPU.Build.0 = Debug|Any CPU
		{C674C857-04FA-4A46-9B9E-70A62356FE01}.Release|Any CPU.ActiveCfg = Release|Any CPU
		{C674C857-04FA-4A46-9B9E-70A62356FE01}.Release|Any CPU.Build.0 = Release|Any CPU
		{F9EF7CAE-518B-47A4-A15F-AE20B3A814DF}.Debug|Any CPU.ActiveCfg = Debug|Any CPU
		{F9EF7CAE-518B-47A4-A15F-AE20B3A814DF}.Debug|Any CPU.Build.0 = Debug|Any CPU
		{F9EF7CAE-518B-47A4-A15F-AE20B3A814DF}.Release|Any CPU.ActiveCfg = Release|Any CPU
		{F9EF7CAE-518B-47A4-A15F-AE20B3A814DF}.Release|Any CPU.Build.0 = Release|Any CPU
		{6BFC701A-53DF-4996-925A-F1718E565369}.Debug|Any CPU.ActiveCfg = Debug|Any CPU
		{6BFC701A-53DF-4996-925A-F1718E565369}.Debug|Any CPU.Build.0 = Debug|Any CPU
		{6BFC701A-53DF-4996-925A-F1718E565369}.Release|Any CPU.ActiveCfg = Release|Any CPU
		{6BFC701A-53DF-4996-925A-F1718E565369}.Release|Any CPU.Build.0 = Release|Any CPU
		{A50C27E5-148E-416A-9744-C9B1C03976AB}.Debug|Any CPU.ActiveCfg = Debug|Any CPU
		{A50C27E5-148E-416A-9744-C9B1C03976AB}.Debug|Any CPU.Build.0 = Debug|Any CPU
		{A50C27E5-148E-416A-9744-C9B1C03976AB}.Release|Any CPU.ActiveCfg = Release|Any CPU
		{A50C27E5-148E-416A-9744-C9B1C03976AB}.Release|Any CPU.Build.0 = Release|Any CPU
		{1EA9AE67-0AB8-4F79-A3D0-41EB289CF272}.Debug|Any CPU.ActiveCfg = Debug|Any CPU
		{1EA9AE67-0AB8-4F79-A3D0-41EB289CF272}.Debug|Any CPU.Build.0 = Debug|Any CPU
		{1EA9AE67-0AB8-4F79-A3D0-41EB289CF272}.Release|Any CPU.ActiveCfg = Release|Any CPU
		{1EA9AE67-0AB8-4F79-A3D0-41EB289CF272}.Release|Any CPU.Build.0 = Release|Any CPU
		{C34BB50A-0367-4DE8-B8EC-A24AC8C090CD}.Debug|Any CPU.ActiveCfg = Debug|Any CPU
		{C34BB50A-0367-4DE8-B8EC-A24AC8C090CD}.Debug|Any CPU.Build.0 = Debug|Any CPU
		{C34BB50A-0367-4DE8-B8EC-A24AC8C090CD}.Release|Any CPU.ActiveCfg = Release|Any CPU
		{C34BB50A-0367-4DE8-B8EC-A24AC8C090CD}.Release|Any CPU.Build.0 = Release|Any CPU
		{EED6879A-E335-406E-A6D2-37E063569B61}.Debug|Any CPU.ActiveCfg = Debug|Any CPU
		{EED6879A-E335-406E-A6D2-37E063569B61}.Debug|Any CPU.Build.0 = Debug|Any CPU
		{EED6879A-E335-406E-A6D2-37E063569B61}.Release|Any CPU.ActiveCfg = Release|Any CPU
		{EED6879A-E335-406E-A6D2-37E063569B61}.Release|Any CPU.Build.0 = Release|Any CPU
		{882C1FAC-4DBA-4685-B6A6-2D793DA0F2B0}.Debug|Any CPU.ActiveCfg = Debug|Any CPU
		{882C1FAC-4DBA-4685-B6A6-2D793DA0F2B0}.Debug|Any CPU.Build.0 = Debug|Any CPU
		{882C1FAC-4DBA-4685-B6A6-2D793DA0F2B0}.Release|Any CPU.ActiveCfg = Release|Any CPU
		{882C1FAC-4DBA-4685-B6A6-2D793DA0F2B0}.Release|Any CPU.Build.0 = Release|Any CPU
	EndGlobalSection
	GlobalSection(SolutionProperties) = preSolution
		HideSolutionNode = FALSE
	EndGlobalSection
	GlobalSection(NestedProjects) = preSolution
		{C674C857-04FA-4A46-9B9E-70A62356FE01} = {5F040156-45D4-430D-9337-54B0F4AF8897}
		{F9EF7CAE-518B-47A4-A15F-AE20B3A814DF} = {5F040156-45D4-430D-9337-54B0F4AF8897}
		{6BFC701A-53DF-4996-925A-F1718E565369} = {5F040156-45D4-430D-9337-54B0F4AF8897}
		{A50C27E5-148E-416A-9744-C9B1C03976AB} = {4AD07162-F7C5-4796-B27C-3CB000CD0E32}
		{1EA9AE67-0AB8-4F79-A3D0-41EB289CF272} = {4AD07162-F7C5-4796-B27C-3CB000CD0E32}
		{C34BB50A-0367-4DE8-B8EC-A24AC8C090CD} = {4AD07162-F7C5-4796-B27C-3CB000CD0E32}
		{EED6879A-E335-406E-A6D2-37E063569B61} = {4AD07162-F7C5-4796-B27C-3CB000CD0E32}
		{882C1FAC-4DBA-4685-B6A6-2D793DA0F2B0} = {4AD07162-F7C5-4796-B27C-3CB000CD0E32}
	EndGlobalSection
EndGlobal
