
Microsoft Visual Studio Solution File, Format Version 12.00
# Visual Studio 15
VisualStudioVersion = 15.0.27004.2006
MinimumVisualStudioVersion = 10.0.40219.1
Project("{FAE04EC0-301F-11D3-BF4B-00C04F79EFBC}") = "01. Anonymous Downsite", "01. Anonymous Downsite\01. Anonymous Downsite.csproj", "{1E9A26C6-ACCC-4E88-A1A5-96E270DF1CBB}"
EndProject
Project("{FAE04EC0-301F-11D3-BF4B-00C04F79EFBC}") = "02. Anonymous Threat", "02. Anonymous Threat\02. Anonymous Threat.csproj", "{77E72A8D-D5A7-42D4-84E2-6125DF76D72C}"
EndProject
Project("{FAE04EC0-301F-11D3-BF4B-00C04F79EFBC}") = "03. Anonymous Vox", "03. Anonymous Vox\03. Anonymous Vox.csproj", "{6E8BDCAE-C8EF-41EF-8050-C0E7DEFEB274}"
EndProject
Project("{FAE04EC0-301F-11D3-BF4B-00C04F79EFBC}") = "04. Anonymous Cache", "04. Anonymous Cache\04. Anonymous Cache.csproj", "{0DCB6DA7-1638-44C6-929B-CFEFE3BA8051}"
EndProject
Project("{FAE04EC0-301F-11D3-BF4B-00C04F79EFBC}") = "Count", "Count\Count.csproj", "{8720E893-EE26-475D-9049-6E1AA31DC966}"
EndProject
Global
	GlobalSection(SolutionConfigurationPlatforms) = preSolution
		Debug|Any CPU = Debug|Any CPU
		Release|Any CPU = Release|Any CPU
	EndGlobalSection
	GlobalSection(ProjectConfigurationPlatforms) = postSolution
		{1E9A26C6-ACCC-4E88-A1A5-96E270DF1CBB}.Debug|Any CPU.ActiveCfg = Debug|Any CPU
		{1E9A26C6-ACCC-4E88-A1A5-96E270DF1CBB}.Debug|Any CPU.Build.0 = Debug|Any CPU
		{1E9A26C6-ACCC-4E88-A1A5-96E270DF1CBB}.Release|Any CPU.ActiveCfg = Release|Any CPU
		{1E9A26C6-ACCC-4E88-A1A5-96E270DF1CBB}.Release|Any CPU.Build.0 = Release|Any CPU
		{77E72A8D-D5A7-42D4-84E2-6125DF76D72C}.Debug|Any CPU.ActiveCfg = Debug|Any CPU
		{77E72A8D-D5A7-42D4-84E2-6125DF76D72C}.Debug|Any CPU.Build.0 = Debug|Any CPU
		{77E72A8D-D5A7-42D4-84E2-6125DF76D72C}.Release|Any CPU.ActiveCfg = Release|Any CPU
		{77E72A8D-D5A7-42D4-84E2-6125DF76D72C}.Release|Any CPU.Build.0 = Release|Any CPU
		{6E8BDCAE-C8EF-41EF-8050-C0E7DEFEB274}.Debug|Any CPU.ActiveCfg = Debug|Any CPU
		{6E8BDCAE-C8EF-41EF-8050-C0E7DEFEB274}.Debug|Any CPU.Build.0 = Debug|Any CPU
		{6E8BDCAE-C8EF-41EF-8050-C0E7DEFEB274}.Release|Any CPU.ActiveCfg = Release|Any CPU
		{6E8BDCAE-C8EF-41EF-8050-C0E7DEFEB274}.Release|Any CPU.Build.0 = Release|Any CPU
		{0DCB6DA7-1638-44C6-929B-CFEFE3BA8051}.Debug|Any CPU.ActiveCfg = Debug|Any CPU
		{0DCB6DA7-1638-44C6-929B-CFEFE3BA8051}.Debug|Any CPU.Build.0 = Debug|Any CPU
		{0DCB6DA7-1638-44C6-929B-CFEFE3BA8051}.Release|Any CPU.ActiveCfg = Release|Any CPU
		{0DCB6DA7-1638-44C6-929B-CFEFE3BA8051}.Release|Any CPU.Build.0 = Release|Any CPU
		{8720E893-EE26-475D-9049-6E1AA31DC966}.Debug|Any CPU.ActiveCfg = Debug|Any CPU
		{8720E893-EE26-475D-9049-6E1AA31DC966}.Debug|Any CPU.Build.0 = Debug|Any CPU
		{8720E893-EE26-475D-9049-6E1AA31DC966}.Release|Any CPU.ActiveCfg = Release|Any CPU
		{8720E893-EE26-475D-9049-6E1AA31DC966}.Release|Any CPU.Build.0 = Release|Any CPU
	EndGlobalSection
	GlobalSection(SolutionProperties) = preSolution
		HideSolutionNode = FALSE
	EndGlobalSection
	GlobalSection(ExtensibilityGlobals) = postSolution
		SolutionGuid = {D8E4D6A7-17B5-4FB7-9EE4-6F8B4BB1AF57}
	EndGlobalSection
EndGlobal
