
Microsoft Visual Studio Solution File, Format Version 12.00
# Visual Studio 15
VisualStudioVersion = 15.0.26430.14
MinimumVisualStudioVersion = 10.0.40219.1
Project("{FAE04EC0-301F-11D3-BF4B-00C04F79EFBC}") = "Arrays", "Arrays\Arrays.csproj", "{C861EF5D-6922-4AAB-AE8A-9E583ABAE23A}"
EndProject
Project("{2150E333-8FDC-42A3-9474-1A3956D46DE8}") = "Lab", "Lab", "{561687EC-0429-40FB-B6FA-82F9610E2E43}"
EndProject
Project("{FAE04EC0-301F-11D3-BF4B-00C04F79EFBC}") = "01. Day of Week", "01. Day of Week\01. Day of Week.csproj", "{E577B0C5-107B-40BF-AA98-6009BBB8F94D}"
EndProject
Project("{FAE04EC0-301F-11D3-BF4B-00C04F79EFBC}") = "02. Reverse Array of Integers", "02. Reverse Array of Integers\02. Reverse Array of Integers.csproj", "{512BBAFE-1FF9-47DC-8B9D-76EFF34ABB3B}"
EndProject
Project("{FAE04EC0-301F-11D3-BF4B-00C04F79EFBC}") = "03. Last K Numbers Sums", "03. Last K Numbers Sums\03. Last K Numbers Sums.csproj", "{7672E1D0-4504-4B70-A8DE-F15C19101A47}"
EndProject
Project("{FAE04EC0-301F-11D3-BF4B-00C04F79EFBC}") = "05. Rounding Numbers", "05. Rounding Numbers\05. Rounding Numbers.csproj", "{28B4F0CD-B73B-44AB-B935-B74508591260}"
EndProject
Project("{FAE04EC0-301F-11D3-BF4B-00C04F79EFBC}") = "06. Reverse Array of Strings", "06. Reverse Array of Strings\06. Reverse Array of Strings.csproj", "{1845BF8C-8FF2-45CC-B34B-73DFA90A050A}"
EndProject
Project("{FAE04EC0-301F-11D3-BF4B-00C04F79EFBC}") = "04. Triple Sum", "04. Triple Sum\04. Triple Sum.csproj", "{E5E981A9-45AA-40B4-88D1-57018C6A53AB}"
EndProject
Project("{FAE04EC0-301F-11D3-BF4B-00C04F79EFBC}") = "07. Sum Arrays", "07. Sum Arrays\07. Sum Arrays.csproj", "{2DE19364-ACAC-4401-964E-C17C0381CCCD}"
EndProject
Project("{FAE04EC0-301F-11D3-BF4B-00C04F79EFBC}") = "08. Condense Array to Number", "08. Condense Array to Number\08. Condense Array to Number.csproj", "{160A8BC4-CCE7-4FAD-8534-F80B00B6320F}"
EndProject
Project("{FAE04EC0-301F-11D3-BF4B-00C04F79EFBC}") = "09. Extract Middle Elements", "09. Extract Middle Elements\09. Extract Middle Elements.csproj", "{E0E55058-4002-453A-A9B6-3634397AD39C}"
EndProject
Global
	GlobalSection(SolutionConfigurationPlatforms) = preSolution
		Debug|Any CPU = Debug|Any CPU
		Release|Any CPU = Release|Any CPU
	EndGlobalSection
	GlobalSection(ProjectConfigurationPlatforms) = postSolution
		{C861EF5D-6922-4AAB-AE8A-9E583ABAE23A}.Debug|Any CPU.ActiveCfg = Debug|Any CPU
		{C861EF5D-6922-4AAB-AE8A-9E583ABAE23A}.Debug|Any CPU.Build.0 = Debug|Any CPU
		{C861EF5D-6922-4AAB-AE8A-9E583ABAE23A}.Release|Any CPU.ActiveCfg = Release|Any CPU
		{C861EF5D-6922-4AAB-AE8A-9E583ABAE23A}.Release|Any CPU.Build.0 = Release|Any CPU
		{E577B0C5-107B-40BF-AA98-6009BBB8F94D}.Debug|Any CPU.ActiveCfg = Debug|Any CPU
		{E577B0C5-107B-40BF-AA98-6009BBB8F94D}.Debug|Any CPU.Build.0 = Debug|Any CPU
		{E577B0C5-107B-40BF-AA98-6009BBB8F94D}.Release|Any CPU.ActiveCfg = Release|Any CPU
		{E577B0C5-107B-40BF-AA98-6009BBB8F94D}.Release|Any CPU.Build.0 = Release|Any CPU
		{512BBAFE-1FF9-47DC-8B9D-76EFF34ABB3B}.Debug|Any CPU.ActiveCfg = Debug|Any CPU
		{512BBAFE-1FF9-47DC-8B9D-76EFF34ABB3B}.Debug|Any CPU.Build.0 = Debug|Any CPU
		{512BBAFE-1FF9-47DC-8B9D-76EFF34ABB3B}.Release|Any CPU.ActiveCfg = Release|Any CPU
		{512BBAFE-1FF9-47DC-8B9D-76EFF34ABB3B}.Release|Any CPU.Build.0 = Release|Any CPU
		{7672E1D0-4504-4B70-A8DE-F15C19101A47}.Debug|Any CPU.ActiveCfg = Debug|Any CPU
		{7672E1D0-4504-4B70-A8DE-F15C19101A47}.Debug|Any CPU.Build.0 = Debug|Any CPU
		{7672E1D0-4504-4B70-A8DE-F15C19101A47}.Release|Any CPU.ActiveCfg = Release|Any CPU
		{7672E1D0-4504-4B70-A8DE-F15C19101A47}.Release|Any CPU.Build.0 = Release|Any CPU
		{28B4F0CD-B73B-44AB-B935-B74508591260}.Debug|Any CPU.ActiveCfg = Debug|Any CPU
		{28B4F0CD-B73B-44AB-B935-B74508591260}.Debug|Any CPU.Build.0 = Debug|Any CPU
		{28B4F0CD-B73B-44AB-B935-B74508591260}.Release|Any CPU.ActiveCfg = Release|Any CPU
		{28B4F0CD-B73B-44AB-B935-B74508591260}.Release|Any CPU.Build.0 = Release|Any CPU
		{1845BF8C-8FF2-45CC-B34B-73DFA90A050A}.Debug|Any CPU.ActiveCfg = Debug|Any CPU
		{1845BF8C-8FF2-45CC-B34B-73DFA90A050A}.Debug|Any CPU.Build.0 = Debug|Any CPU
		{1845BF8C-8FF2-45CC-B34B-73DFA90A050A}.Release|Any CPU.ActiveCfg = Release|Any CPU
		{1845BF8C-8FF2-45CC-B34B-73DFA90A050A}.Release|Any CPU.Build.0 = Release|Any CPU
		{E5E981A9-45AA-40B4-88D1-57018C6A53AB}.Debug|Any CPU.ActiveCfg = Debug|Any CPU
		{E5E981A9-45AA-40B4-88D1-57018C6A53AB}.Debug|Any CPU.Build.0 = Debug|Any CPU
		{E5E981A9-45AA-40B4-88D1-57018C6A53AB}.Release|Any CPU.ActiveCfg = Release|Any CPU
		{E5E981A9-45AA-40B4-88D1-57018C6A53AB}.Release|Any CPU.Build.0 = Release|Any CPU
		{2DE19364-ACAC-4401-964E-C17C0381CCCD}.Debug|Any CPU.ActiveCfg = Debug|Any CPU
		{2DE19364-ACAC-4401-964E-C17C0381CCCD}.Debug|Any CPU.Build.0 = Debug|Any CPU
		{2DE19364-ACAC-4401-964E-C17C0381CCCD}.Release|Any CPU.ActiveCfg = Release|Any CPU
		{2DE19364-ACAC-4401-964E-C17C0381CCCD}.Release|Any CPU.Build.0 = Release|Any CPU
		{160A8BC4-CCE7-4FAD-8534-F80B00B6320F}.Debug|Any CPU.ActiveCfg = Debug|Any CPU
		{160A8BC4-CCE7-4FAD-8534-F80B00B6320F}.Debug|Any CPU.Build.0 = Debug|Any CPU
		{160A8BC4-CCE7-4FAD-8534-F80B00B6320F}.Release|Any CPU.ActiveCfg = Release|Any CPU
		{160A8BC4-CCE7-4FAD-8534-F80B00B6320F}.Release|Any CPU.Build.0 = Release|Any CPU
		{E0E55058-4002-453A-A9B6-3634397AD39C}.Debug|Any CPU.ActiveCfg = Debug|Any CPU
		{E0E55058-4002-453A-A9B6-3634397AD39C}.Debug|Any CPU.Build.0 = Debug|Any CPU
		{E0E55058-4002-453A-A9B6-3634397AD39C}.Release|Any CPU.ActiveCfg = Release|Any CPU
		{E0E55058-4002-453A-A9B6-3634397AD39C}.Release|Any CPU.Build.0 = Release|Any CPU
	EndGlobalSection
	GlobalSection(SolutionProperties) = preSolution
		HideSolutionNode = FALSE
	EndGlobalSection
	GlobalSection(NestedProjects) = preSolution
		{E577B0C5-107B-40BF-AA98-6009BBB8F94D} = {561687EC-0429-40FB-B6FA-82F9610E2E43}
		{512BBAFE-1FF9-47DC-8B9D-76EFF34ABB3B} = {561687EC-0429-40FB-B6FA-82F9610E2E43}
		{7672E1D0-4504-4B70-A8DE-F15C19101A47} = {561687EC-0429-40FB-B6FA-82F9610E2E43}
		{28B4F0CD-B73B-44AB-B935-B74508591260} = {561687EC-0429-40FB-B6FA-82F9610E2E43}
		{1845BF8C-8FF2-45CC-B34B-73DFA90A050A} = {561687EC-0429-40FB-B6FA-82F9610E2E43}
		{E5E981A9-45AA-40B4-88D1-57018C6A53AB} = {561687EC-0429-40FB-B6FA-82F9610E2E43}
		{2DE19364-ACAC-4401-964E-C17C0381CCCD} = {561687EC-0429-40FB-B6FA-82F9610E2E43}
		{160A8BC4-CCE7-4FAD-8534-F80B00B6320F} = {561687EC-0429-40FB-B6FA-82F9610E2E43}
		{E0E55058-4002-453A-A9B6-3634397AD39C} = {561687EC-0429-40FB-B6FA-82F9610E2E43}
	EndGlobalSection
EndGlobal
